
Microsoft Visual Studio Solution File, Format Version 12.00
# Visual Studio 14
VisualStudioVersion = 14.0.23107.0
MinimumVisualStudioVersion = 10.0.40219.1
Project("{8BC9CEB8-8B4A-11D0-8D11-00A0C91BC942}") = "nark-db", "nark-db\nark-db.vcxproj", "{9261644E-D0AD-43C5-AD8F-280B92F26B4D}"
EndProject
Project("{8BC9CEB8-8B4A-11D0-8D11-00A0C91BC942}") = "nark-fsa", "..\..\..\nark\vs2015\nark-fsa\nark-fsa\nark-fsa.vcxproj", "{C5ECD2A1-C18E-4C04-B2FA-C5C6F206F5AE}"
EndProject
Project("{8BC9CEB8-8B4A-11D0-8D11-00A0C91BC942}") = "is_iterator", "is_iterator\is_iterator.vcxproj", "{E969001C-C591-474D-BEEA-7256B5556770}"
EndProject
Project("{8BC9CEB8-8B4A-11D0-8D11-00A0C91BC942}") = "TestJson", "TestJson\TestJson.vcxproj", "{D243069F-E609-4974-BE44-4FC0A8902CE1}"
EndProject
Project("{8BC9CEB8-8B4A-11D0-8D11-00A0C91BC942}") = "db-test", "db-test\db-test.vcxproj", "{3673A6D4-193C-4166-A1BB-B48939CD7721}"
EndProject
Project("{8BC9CEB8-8B4A-11D0-8D11-00A0C91BC942}") = "TestBsonCodec", "TestBsonCodec\TestBsonCodec.vcxproj", "{4C806E89-A4B2-446A-B504-276465184B40}"
	ProjectSection(ProjectDependencies) = postProject
		{9261644E-D0AD-43C5-AD8F-280B92F26B4D} = {9261644E-D0AD-43C5-AD8F-280B92F26B4D}
		{C5ECD2A1-C18E-4C04-B2FA-C5C6F206F5AE} = {C5ECD2A1-C18E-4C04-B2FA-C5C6F206F5AE}
	EndProjectSection
EndProject
Project("{8BC9CEB8-8B4A-11D0-8D11-00A0C91BC942}") = "TestStrIndex", "TestStrIndex\TestStrIndex.vcxproj", "{8C6AFBAE-393B-4BD4-ACB0-32DBB371DD91}"
EndProject
Project("{8BC9CEB8-8B4A-11D0-8D11-00A0C91BC942}") = "narkdb_import", "narkdb_import\narkdb_import.vcxproj", "{D9184125-5CB3-4569-94A0-A24BB806C38C}"
EndProject
Global
	GlobalSection(SolutionConfigurationPlatforms) = preSolution
		Debug|x64 = Debug|x64
		Debug|x86 = Debug|x86
		Release|x64 = Release|x64
		Release|x86 = Release|x86
	EndGlobalSection
	GlobalSection(ProjectConfigurationPlatforms) = postSolution
		{9261644E-D0AD-43C5-AD8F-280B92F26B4D}.Debug|x64.ActiveCfg = Debug|x64
		{9261644E-D0AD-43C5-AD8F-280B92F26B4D}.Debug|x64.Build.0 = Debug|x64
		{9261644E-D0AD-43C5-AD8F-280B92F26B4D}.Debug|x86.ActiveCfg = Debug|Win32
		{9261644E-D0AD-43C5-AD8F-280B92F26B4D}.Debug|x86.Build.0 = Debug|Win32
		{9261644E-D0AD-43C5-AD8F-280B92F26B4D}.Release|x64.ActiveCfg = Release|x64
		{9261644E-D0AD-43C5-AD8F-280B92F26B4D}.Release|x64.Build.0 = Release|x64
		{9261644E-D0AD-43C5-AD8F-280B92F26B4D}.Release|x86.ActiveCfg = Release|Win32
		{9261644E-D0AD-43C5-AD8F-280B92F26B4D}.Release|x86.Build.0 = Release|Win32
		{C5ECD2A1-C18E-4C04-B2FA-C5C6F206F5AE}.Debug|x64.ActiveCfg = Debug|x64
		{C5ECD2A1-C18E-4C04-B2FA-C5C6F206F5AE}.Debug|x64.Build.0 = Debug|x64
		{C5ECD2A1-C18E-4C04-B2FA-C5C6F206F5AE}.Debug|x86.ActiveCfg = Debug|Win32
		{C5ECD2A1-C18E-4C04-B2FA-C5C6F206F5AE}.Debug|x86.Build.0 = Debug|Win32
		{C5ECD2A1-C18E-4C04-B2FA-C5C6F206F5AE}.Release|x64.ActiveCfg = Release|x64
		{C5ECD2A1-C18E-4C04-B2FA-C5C6F206F5AE}.Release|x64.Build.0 = Release|x64
		{C5ECD2A1-C18E-4C04-B2FA-C5C6F206F5AE}.Release|x86.ActiveCfg = Release|Win32
		{C5ECD2A1-C18E-4C04-B2FA-C5C6F206F5AE}.Release|x86.Build.0 = Release|Win32
		{E969001C-C591-474D-BEEA-7256B5556770}.Debug|x64.ActiveCfg = Debug|x64
		{E969001C-C591-474D-BEEA-7256B5556770}.Debug|x64.Build.0 = Debug|x64
		{E969001C-C591-474D-BEEA-7256B5556770}.Debug|x86.ActiveCfg = Debug|Win32
		{E969001C-C591-474D-BEEA-7256B5556770}.Debug|x86.Build.0 = Debug|Win32
		{E969001C-C591-474D-BEEA-7256B5556770}.Release|x64.ActiveCfg = Release|x64
		{E969001C-C591-474D-BEEA-7256B5556770}.Release|x64.Build.0 = Release|x64
		{E969001C-C591-474D-BEEA-7256B5556770}.Release|x86.ActiveCfg = Release|Win32
		{E969001C-C591-474D-BEEA-7256B5556770}.Release|x86.Build.0 = Release|Win32
		{D243069F-E609-4974-BE44-4FC0A8902CE1}.Debug|x64.ActiveCfg = Debug|x64
		{D243069F-E609-4974-BE44-4FC0A8902CE1}.Debug|x64.Build.0 = Debug|x64
		{D243069F-E609-4974-BE44-4FC0A8902CE1}.Debug|x86.ActiveCfg = Debug|Win32
		{D243069F-E609-4974-BE44-4FC0A8902CE1}.Debug|x86.Build.0 = Debug|Win32
		{D243069F-E609-4974-BE44-4FC0A8902CE1}.Release|x64.ActiveCfg = Release|x64
		{D243069F-E609-4974-BE44-4FC0A8902CE1}.Release|x64.Build.0 = Release|x64
		{D243069F-E609-4974-BE44-4FC0A8902CE1}.Release|x86.ActiveCfg = Release|Win32
		{D243069F-E609-4974-BE44-4FC0A8902CE1}.Release|x86.Build.0 = Release|Win32
		{3673A6D4-193C-4166-A1BB-B48939CD7721}.Debug|x64.ActiveCfg = Debug|x64
		{3673A6D4-193C-4166-A1BB-B48939CD7721}.Debug|x64.Build.0 = Debug|x64
		{3673A6D4-193C-4166-A1BB-B48939CD7721}.Debug|x86.ActiveCfg = Debug|Win32
		{3673A6D4-193C-4166-A1BB-B48939CD7721}.Debug|x86.Build.0 = Debug|Win32
		{3673A6D4-193C-4166-A1BB-B48939CD7721}.Release|x64.ActiveCfg = Release|x64
		{3673A6D4-193C-4166-A1BB-B48939CD7721}.Release|x64.Build.0 = Release|x64
		{3673A6D4-193C-4166-A1BB-B48939CD7721}.Release|x86.ActiveCfg = Release|Win32
		{3673A6D4-193C-4166-A1BB-B48939CD7721}.Release|x86.Build.0 = Release|Win32
		{4C806E89-A4B2-446A-B504-276465184B40}.Debug|x64.ActiveCfg = Debug|x64
		{4C806E89-A4B2-446A-B504-276465184B40}.Debug|x64.Build.0 = Debug|x64
		{4C806E89-A4B2-446A-B504-276465184B40}.Debug|x86.ActiveCfg = Debug|Win32
		{4C806E89-A4B2-446A-B504-276465184B40}.Debug|x86.Build.0 = Debug|Win32
		{4C806E89-A4B2-446A-B504-276465184B40}.Release|x64.ActiveCfg = Release|x64
		{4C806E89-A4B2-446A-B504-276465184B40}.Release|x64.Build.0 = Release|x64
		{4C806E89-A4B2-446A-B504-276465184B40}.Release|x86.ActiveCfg = Release|Win32
		{4C806E89-A4B2-446A-B504-276465184B40}.Release|x86.Build.0 = Release|Win32
		{8C6AFBAE-393B-4BD4-ACB0-32DBB371DD91}.Debug|x64.ActiveCfg = Debug|x64
		{8C6AFBAE-393B-4BD4-ACB0-32DBB371DD91}.Debug|x64.Build.0 = Debug|x64
		{8C6AFBAE-393B-4BD4-ACB0-32DBB371DD91}.Debug|x86.ActiveCfg = Debug|Win32
		{8C6AFBAE-393B-4BD4-ACB0-32DBB371DD91}.Debug|x86.Build.0 = Debug|Win32
		{8C6AFBAE-393B-4BD4-ACB0-32DBB371DD91}.Release|x64.ActiveCfg = Release|x64
		{8C6AFBAE-393B-4BD4-ACB0-32DBB371DD91}.Release|x64.Build.0 = Release|x64
		{8C6AFBAE-393B-4BD4-ACB0-32DBB371DD91}.Release|x86.ActiveCfg = Release|Win32
		{8C6AFBAE-393B-4BD4-ACB0-32DBB371DD91}.Release|x86.Build.0 = Release|Win32
		{D9184125-5CB3-4569-94A0-A24BB806C38C}.Debug|x64.ActiveCfg = Debug|x64
		{D9184125-5CB3-4569-94A0-A24BB806C38C}.Debug|x64.Build.0 = Debug|x64
		{D9184125-5CB3-4569-94A0-A24BB806C38C}.Debug|x86.ActiveCfg = Debug|Win32
		{D9184125-5CB3-4569-94A0-A24BB806C38C}.Debug|x86.Build.0 = Debug|Win32
		{D9184125-5CB3-4569-94A0-A24BB806C38C}.Release|x64.ActiveCfg = Release|x64
		{D9184125-5CB3-4569-94A0-A24BB806C38C}.Release|x64.Build.0 = Release|x64
		{D9184125-5CB3-4569-94A0-A24BB806C38C}.Release|x86.ActiveCfg = Release|Win32
		{D9184125-5CB3-4569-94A0-A24BB806C38C}.Release|x86.Build.0 = Release|Win32
	EndGlobalSection
	GlobalSection(SolutionProperties) = preSolution
		HideSolutionNode = FALSE
	EndGlobalSection
EndGlobal
