<?xml version="1.0" encoding="utf-8"?>
<Project ToolsVersion="4.0" xmlns="http://schemas.microsoft.com/developer/msbuild/2003">
  <ItemGroup>
    <Filter Include="Source Files">
      <UniqueIdentifier>{4FC737F1-C7A5-4376-A066-2A32D752A2FF}</UniqueIdentifier>
      <Extensions>cpp;c;cc;cxx;def;odl;idl;hpj;bat;asm;asmx</Extensions>
    </Filter>
    <Filter Include="Header Files">
      <UniqueIdentifier>{93995380-89BD-4b04-88EB-625FBE52EBFB}</UniqueIdentifier>
      <Extensions>h;hh;hpp;hxx;hm;inl;inc;xsd</Extensions>
    </Filter>
    <Filter Include="Resource Files">
      <UniqueIdentifier>{67DA6AB6-F800-4c08-8B7A-83BB121AAD01}</UniqueIdentifier>
      <Extensions>rc;ico;cur;bmp;dlg;rc2;rct;bin;rgs;gif;jpg;jpeg;jpe;resx;tiff;tif;png;wav;mfcribbon-ms</Extensions>
    </Filter>
    <Filter Include="Source Files\mongo_terarkdb">
      <UniqueIdentifier>{38c82d12-be59-4562-a84b-28bf82b283a3}</UniqueIdentifier>
    </Filter>
    <Filter Include="Source Files\mongo_third_party">
      <UniqueIdentifier>{03d27042-84b2-4f56-a47f-b173af4d5692}</UniqueIdentifier>
    </Filter>
    <Filter Include="Source Files\mongo">
      <UniqueIdentifier>{2c576d7f-256d-468c-81cf-f7e76c355612}</UniqueIdentifier>
    </Filter>
    <Filter Include="Source Files\mongo\bson">
      <UniqueIdentifier>{b8e583ac-d326-40d6-98cd-476ef8c973b7}</UniqueIdentifier>
    </Filter>
    <Filter Include="Source Files\mongo\base">
      <UniqueIdentifier>{df73affa-2dcb-4fa4-9c19-9c1068323580}</UniqueIdentifier>
    </Filter>
    <Filter Include="Source Files\mongo\util">
      <UniqueIdentifier>{880fcac3-37aa-4c50-bba6-0f4188bc1c11}</UniqueIdentifier>
    </Filter>
    <Filter Include="Source Files\mongo\util\concurrency">
      <UniqueIdentifier>{906106f6-3d87-4b25-a6d9-4f52c962e1b7}</UniqueIdentifier>
    </Filter>
    <Filter Include="Source Files\mongo\platform">
      <UniqueIdentifier>{7bf83fbb-5324-499c-9652-c4752ab0e0a1}</UniqueIdentifier>
    </Filter>
    <Filter Include="Source Files\mongo\logger">
      <UniqueIdentifier>{ff16ab88-9782-487d-87d6-d7ae45be34e1}</UniqueIdentifier>
    </Filter>
    <Filter Include="Header Files\mongo">
      <UniqueIdentifier>{a628ce89-eb0c-45ce-acbf-5a0d3e703ae6}</UniqueIdentifier>
    </Filter>
    <Filter Include="Header Files\mongo\bson">
      <UniqueIdentifier>{8354a2a2-761a-49f7-afa2-7a7ce31d8b18}</UniqueIdentifier>
    </Filter>
    <Filter Include="Header Files\mongo_terarkdb">
      <UniqueIdentifier>{622c9ae5-abed-47c6-a755-ad0707110a04}</UniqueIdentifier>
    </Filter>
  </ItemGroup>
  <ItemGroup>
    <Text Include="ReadMe.txt" />
  </ItemGroup>
  <ItemGroup>
    <ClCompile Include="..\..\..\src\mongo_terarkdb\terarkdb_customization_hooks.cpp">
      <Filter>Source Files\mongo_terarkdb</Filter>
    </ClCompile>
    <ClCompile Include="..\..\..\src\mongo_terarkdb\terarkdb_global_options.cpp">
      <Filter>Source Files\mongo_terarkdb</Filter>
    </ClCompile>
    <ClCompile Include="..\..\..\src\mongo_terarkdb\terarkdb_index.cpp">
      <Filter>Source Files\mongo_terarkdb</Filter>
    </ClCompile>
    <ClCompile Include="..\..\..\src\mongo_terarkdb\terarkdb_init.cpp">
      <Filter>Source Files\mongo_terarkdb</Filter>
    </ClCompile>
    <ClCompile Include="..\..\..\src\mongo_terarkdb\terarkdb_kv_engine.cpp">
      <Filter>Source Files\mongo_terarkdb</Filter>
    </ClCompile>
    <ClCompile Include="..\..\..\src\mongo_terarkdb\terarkdb_parameters.cpp">
      <Filter>Source Files\mongo_terarkdb</Filter>
    </ClCompile>
    <ClCompile Include="..\..\..\src\mongo_terarkdb\terarkdb_record_store.cpp">
      <Filter>Source Files\mongo_terarkdb</Filter>
    </ClCompile>
    <ClCompile Include="..\..\..\src\mongo_terarkdb\terarkdb_record_store_capped.cpp">
      <Filter>Source Files\mongo_terarkdb</Filter>
    </ClCompile>
    <ClCompile Include="..\..\..\src\mongo_terarkdb\terarkdb_recovery_unit.cpp">
      <Filter>Source Files\mongo_terarkdb</Filter>
    </ClCompile>
    <ClCompile Include="..\..\..\src\mongo_terarkdb\terarkdb_server_status.cpp">
      <Filter>Source Files\mongo_terarkdb</Filter>
    </ClCompile>
    <ClCompile Include="..\..\..\src\mongo_terarkdb\terarkdb_size_storer.cpp">
      <Filter>Source Files\mongo_terarkdb</Filter>
    </ClCompile>
    <ClCompile Include="..\..\..\src\mongo_terarkdb\record_codec.cpp">
      <Filter>Source Files\mongo_terarkdb</Filter>
    </ClCompile>
    <ClCompile Include="..\..\..\..\mongo\src\third_party\murmurhash3\MurmurHash3.cpp">
      <Filter>Source Files\mongo_third_party</Filter>
    </ClCompile>
    <ClCompile Include="..\..\..\..\mongo\src\mongo\bson\bsonelement.cpp">
      <Filter>Source Files\mongo\bson</Filter>
    </ClCompile>
    <ClCompile Include="..\..\..\..\mongo\src\mongo\bson\bsonmisc.cpp">
      <Filter>Source Files\mongo\bson</Filter>
    </ClCompile>
    <ClCompile Include="..\..\..\..\mongo\src\mongo\bson\bsonobj.cpp">
      <Filter>Source Files\mongo\bson</Filter>
    </ClCompile>
    <ClCompile Include="..\..\..\..\mongo\src\mongo\bson\bsonobjbuilder.cpp">
      <Filter>Source Files\mongo\bson</Filter>
    </ClCompile>
    <ClCompile Include="..\..\..\..\mongo\src\mongo\bson\bsontypes.cpp">
      <Filter>Source Files\mongo\bson</Filter>
    </ClCompile>
    <ClCompile Include="..\..\..\..\mongo\src\mongo\bson\bson_validate.cpp">
      <Filter>Source Files\mongo\bson</Filter>
    </ClCompile>
    <ClCompile Include="..\..\..\..\mongo\src\mongo\bson\json.cpp">
      <Filter>Source Files\mongo\bson</Filter>
    </ClCompile>
    <ClCompile Include="..\..\..\..\mongo\src\mongo\bson\oid.cpp">
      <Filter>Source Files\mongo\bson</Filter>
    </ClCompile>
    <ClCompile Include="..\..\..\..\mongo\src\mongo\bson\timestamp.cpp">
      <Filter>Source Files\mongo\bson</Filter>
    </ClCompile>
    <ClCompile Include="..\..\..\..\mongo\src\mongo\base\counter_test.cpp">
      <Filter>Source Files\mongo\base</Filter>
    </ClCompile>
    <ClCompile Include="..\..\..\..\mongo\src\mongo\base\data_range.cpp">
      <Filter>Source Files\mongo\base</Filter>
    </ClCompile>
    <ClCompile Include="..\..\..\..\mongo\src\mongo\base\data_range_cursor.cpp">
      <Filter>Source Files\mongo\base</Filter>
    </ClCompile>
    <ClCompile Include="..\..\..\..\mongo\src\mongo\base\data_type.cpp">
      <Filter>Source Files\mongo\base</Filter>
    </ClCompile>
    <ClCompile Include="..\..\..\..\mongo\src\mongo\base\data_type_string_data.cpp">
      <Filter>Source Files\mongo\base</Filter>
    </ClCompile>
    <ClCompile Include="..\..\..\..\mongo\src\mongo\base\data_type_terminated.cpp">
      <Filter>Source Files\mongo\base</Filter>
    </ClCompile>
    <ClCompile Include="..\..\..\..\mongo\src\mongo\base\global_initializer.cpp">
      <Filter>Source Files\mongo\base</Filter>
    </ClCompile>
    <ClCompile Include="..\..\..\..\mongo\src\mongo\base\global_initializer_registerer.cpp">
      <Filter>Source Files\mongo\base</Filter>
    </ClCompile>
    <ClCompile Include="..\..\..\..\mongo\src\mongo\base\init.cpp">
      <Filter>Source Files\mongo\base</Filter>
    </ClCompile>
    <ClCompile Include="..\..\..\..\mongo\src\mongo\base\initializer.cpp">
      <Filter>Source Files\mongo\base</Filter>
    </ClCompile>
    <ClCompile Include="..\..\..\..\mongo\src\mongo\base\initializer_context.cpp">
      <Filter>Source Files\mongo\base</Filter>
    </ClCompile>
    <ClCompile Include="..\..\..\..\mongo\src\mongo\base\initializer_dependency_graph.cpp">
      <Filter>Source Files\mongo\base</Filter>
    </ClCompile>
    <ClCompile Include="..\..\..\..\mongo\src\mongo\base\initializer_test.cpp">
      <Filter>Source Files\mongo\base</Filter>
    </ClCompile>
    <ClCompile Include="..\..\..\..\mongo\src\mongo\base\make_string_vector.cpp">
      <Filter>Source Files\mongo\base</Filter>
    </ClCompile>
    <ClCompile Include="..\..\..\..\mongo\src\mongo\base\parse_number.cpp">
      <Filter>Source Files\mongo\base</Filter>
    </ClCompile>
    <ClCompile Include="..\..\..\..\mongo\src\mongo\base\secure_allocator.cpp">
      <Filter>Source Files\mongo\base</Filter>
    </ClCompile>
    <ClCompile Include="..\..\..\..\mongo\src\mongo\base\status.cpp">
      <Filter>Source Files\mongo\base</Filter>
    </ClCompile>
    <ClCompile Include="..\..\..\..\mongo\src\mongo\base\string_data.cpp">
      <Filter>Source Files\mongo\base</Filter>
    </ClCompile>
    <ClCompile Include="..\..\..\..\mongo\src\mongo\base\system_error.cpp">
      <Filter>Source Files\mongo\base</Filter>
    </ClCompile>
    <ClCompile Include="..\..\..\..\mongo\src\mongo\base\validate_locale.cpp">
      <Filter>Source Files\mongo\base</Filter>
    </ClCompile>
    <ClCompile Include="..\..\..\..\mongo\src\mongo\util\allocator.cpp">
      <Filter>Source Files\mongo\util</Filter>
    </ClCompile>
    <ClCompile Include="..\..\..\..\mongo\src\mongo\util\assert_util.cpp">
      <Filter>Source Files\mongo\util</Filter>
    </ClCompile>
    <ClCompile Include="..\..\..\..\mongo\src\mongo\util\base64.cpp">
      <Filter>Source Files\mongo\util</Filter>
    </ClCompile>
    <ClCompile Include="..\..\..\..\mongo\src\mongo\util\debugger.cpp">
      <Filter>Source Files\mongo\util</Filter>
    </ClCompile>
    <ClCompile Include="..\..\..\..\mongo\src\mongo\util\elapsed_tracker.cpp">
      <Filter>Source Files\mongo\util</Filter>
    </ClCompile>
    <ClCompile Include="..\..\..\..\mongo\src\mongo\util\exception_filter_win32.cpp">
      <Filter>Source Files\mongo\util</Filter>
    </ClCompile>
    <ClCompile Include="..\..\..\..\mongo\src\mongo\util\file.cpp">
      <Filter>Source Files\mongo\util</Filter>
    </ClCompile>
    <ClCompile Include="..\..\..\..\mongo\src\mongo\util\hex.cpp">
      <Filter>Source Files\mongo\util</Filter>
    </ClCompile>
    <ClCompile Include="..\..\..\..\mongo\src\mongo\util\intrusive_counter.cpp">
      <Filter>Source Files\mongo\util</Filter>
    </ClCompile>
    <ClCompile Include="..\..\..\..\mongo\src\mongo\util\itoa.cpp">
      <Filter>Source Files\mongo\util</Filter>
    </ClCompile>
    <ClCompile Include="..\..\..\..\mongo\src\mongo\util\log.cpp">
      <Filter>Source Files\mongo\util</Filter>
    </ClCompile>
    <ClCompile Include="..\..\..\..\mongo\src\mongo\util\md5.cpp">
      <Filter>Source Files\mongo\util</Filter>
    </ClCompile>
    <ClCompile Include="..\..\..\..\mongo\src\mongo\util\md5main.cpp">
      <Filter>Source Files\mongo\util</Filter>
    </ClCompile>
    <ClCompile Include="..\..\..\..\mongo\src\mongo\util\ntservice.cpp">
      <Filter>Source Files\mongo\util</Filter>
    </ClCompile>
    <ClCompile Include="..\..\..\..\mongo\src\mongo\util\password.cpp">
      <Filter>Source Files\mongo\util</Filter>
    </ClCompile>
    <ClCompile Include="..\..\..\..\mongo\src\mongo\util\password_digest.cpp">
      <Filter>Source Files\mongo\util</Filter>
    </ClCompile>
    <ClCompile Include="..\..\..\..\mongo\src\mongo\util\platform_init.cpp">
      <Filter>Source Files\mongo\util</Filter>
    </ClCompile>
    <ClCompile Include="..\..\..\..\mongo\src\mongo\util\processinfo.cpp">
      <Filter>Source Files\mongo\util</Filter>
    </ClCompile>
    <ClCompile Include="..\..\..\..\mongo\src\mongo\util\processinfo_windows.cpp">
      <Filter>Source Files\mongo\util</Filter>
    </ClCompile>
    <ClCompile Include="..\..\..\..\mongo\src\mongo\util\progress_meter.cpp">
      <Filter>Source Files\mongo\util</Filter>
    </ClCompile>
    <ClCompile Include="..\..\..\..\mongo\src\mongo\util\quick_exit.cpp">
      <Filter>Source Files\mongo\util</Filter>
    </ClCompile>
    <ClCompile Include="..\..\..\..\mongo\src\mongo\util\safe_num.cpp">
      <Filter>Source Files\mongo\util</Filter>
    </ClCompile>
    <ClCompile Include="..\..\..\..\mongo\src\mongo\util\secure_zero_memory.cpp">
      <Filter>Source Files\mongo\util</Filter>
    </ClCompile>
    <ClCompile Include="..\..\..\..\mongo\src\mongo\util\signal_handlers.cpp">
      <Filter>Source Files\mongo\util</Filter>
    </ClCompile>
    <ClCompile Include="..\..\..\..\mongo\src\mongo\util\signal_handlers_synchronous.cpp">
      <Filter>Source Files\mongo\util</Filter>
    </ClCompile>
    <ClCompile Include="..\..\..\..\mongo\src\mongo\util\signal_win32.cpp">
      <Filter>Source Files\mongo\util</Filter>
    </ClCompile>
    <ClCompile Include="..\..\..\..\mongo\src\mongo\util\stacktrace.cpp">
      <Filter>Source Files\mongo\util</Filter>
    </ClCompile>
    <ClCompile Include="..\..\..\..\mongo\src\mongo\util\stacktrace_windows.cpp">
      <Filter>Source Files\mongo\util</Filter>
    </ClCompile>
    <ClCompile Include="..\..\..\..\mongo\src\mongo\util\static_observer.cpp">
      <Filter>Source Files\mongo\util</Filter>
    </ClCompile>
    <ClCompile Include="..\..\..\..\mongo\src\mongo\util\stringutils.cpp">
      <Filter>Source Files\mongo\util</Filter>
    </ClCompile>
    <ClCompile Include="..\..\..\..\mongo\src\mongo\util\system_tick_source.cpp">
      <Filter>Source Files\mongo\util</Filter>
    </ClCompile>
    <ClCompile Include="..\..\..\..\mongo\src\mongo\util\text.cpp">
      <Filter>Source Files\mongo\util</Filter>
    </ClCompile>
    <ClCompile Include="..\..\..\..\mongo\src\mongo\util\thread_safe_string.cpp">
      <Filter>Source Files\mongo\util</Filter>
    </ClCompile>
    <ClCompile Include="..\..\..\..\mongo\src\mongo\util\tick_source_mock.cpp">
      <Filter>Source Files\mongo\util</Filter>
    </ClCompile>
    <ClCompile Include="..\..\..\..\mongo\src\mongo\util\timer.cpp">
      <Filter>Source Files\mongo\util</Filter>
    </ClCompile>
    <ClCompile Include="..\..\..\..\mongo\src\mongo\util\time_support.cpp">
      <Filter>Source Files\mongo\util</Filter>
    </ClCompile>
    <ClCompile Include="..\..\..\..\mongo\src\mongo\util\touch_pages.cpp">
      <Filter>Source Files\mongo\util</Filter>
    </ClCompile>
    <ClCompile Include="..\..\..\..\mongo\src\mongo\util\concurrency\thread_name.cpp">
      <Filter>Source Files\mongo\util\concurrency</Filter>
    </ClCompile>
    <ClCompile Include="..\..\..\..\mongo\src\mongo\platform\decimal128.cpp">
      <Filter>Source Files\mongo\platform</Filter>
    </ClCompile>
    <ClCompile Include="..\..\..\..\mongo\src\mongo\platform\random.cpp">
      <Filter>Source Files\mongo\platform</Filter>
    </ClCompile>
    <ClCompile Include="..\..\..\..\mongo\src\mongo\logger\component_message_log_domain.cpp">
      <Filter>Source Files\mongo\logger</Filter>
    </ClCompile>
    <ClCompile Include="..\..\..\..\mongo\src\mongo\logger\console.cpp">
      <Filter>Source Files\mongo\logger</Filter>
    </ClCompile>
    <ClCompile Include="..\..\..\..\mongo\src\mongo\logger\logger.cpp">
      <Filter>Source Files\mongo\logger</Filter>
    </ClCompile>
    <ClCompile Include="..\..\..\..\mongo\src\mongo\logger\logstream_builder.cpp">
      <Filter>Source Files\mongo\logger</Filter>
    </ClCompile>
    <ClCompile Include="..\..\..\..\mongo\src\mongo\logger\log_component.cpp">
      <Filter>Source Files\mongo\logger</Filter>
    </ClCompile>
    <ClCompile Include="..\..\..\..\mongo\src\mongo\logger\log_component_settings.cpp">
      <Filter>Source Files\mongo\logger</Filter>
    </ClCompile>
    <ClCompile Include="..\..\..\..\mongo\src\mongo\logger\log_manager.cpp">
      <Filter>Source Files\mongo\logger</Filter>
    </ClCompile>
    <ClCompile Include="..\..\..\..\mongo\src\mongo\logger\log_severity.cpp">
      <Filter>Source Files\mongo\logger</Filter>
    </ClCompile>
    <ClCompile Include="..\..\..\..\mongo\src\mongo\logger\message_event_utf8_encoder.cpp">
      <Filter>Source Files\mongo\logger</Filter>
    </ClCompile>
    <ClCompile Include="..\..\..\..\mongo\src\mongo\logger\message_log_domain.cpp">
      <Filter>Source Files\mongo\logger</Filter>
    </ClCompile>
    <ClCompile Include="..\..\..\..\mongo\src\mongo\logger\parse_log_component_settings.cpp">
      <Filter>Source Files\mongo\logger</Filter>
    </ClCompile>
    <ClCompile Include="..\..\..\..\mongo\src\mongo\logger\ramlog.cpp">
      <Filter>Source Files\mongo\logger</Filter>
    </ClCompile>
    <ClCompile Include="..\..\..\..\mongo\src\mongo\logger\rotatable_file_manager.cpp">
      <Filter>Source Files\mongo\logger</Filter>
    </ClCompile>
    <ClCompile Include="..\..\..\..\mongo\src\mongo\logger\rotatable_file_writer.cpp">
      <Filter>Source Files\mongo\logger</Filter>
    </ClCompile>
    <ClCompile Include="..\..\..\..\mongo\src\mongo\base\error_codes.cpp">
      <Filter>Source Files\mongo\base</Filter>
    </ClCompile>
  </ItemGroup>
  <ItemGroup>
    <ClInclude Include="..\..\..\..\mongo\src\mongo\bson\bsonelement.h">
      <Filter>Header Files\mongo\bson</Filter>
    </ClInclude>
    <ClInclude Include="..\..\..\..\mongo\src\mongo\bson\bsonmisc.h">
      <Filter>Header Files\mongo\bson</Filter>
    </ClInclude>
    <ClInclude Include="..\..\..\..\mongo\src\mongo\bson\bsonobj.h">
      <Filter>Header Files\mongo\bson</Filter>
    </ClInclude>
    <ClInclude Include="..\..\..\..\mongo\src\mongo\bson\bsonobjbuilder.h">
      <Filter>Header Files\mongo\bson</Filter>
    </ClInclude>
    <ClInclude Include="..\..\..\..\mongo\src\mongo\bson\bsontypes.h">
      <Filter>Header Files\mongo\bson</Filter>
    </ClInclude>
    <ClInclude Include="..\..\..\..\mongo\src\mongo\bson\bson_field.h">
      <Filter>Header Files\mongo\bson</Filter>
    </ClInclude>
    <ClInclude Include="..\..\..\..\mongo\src\mongo\bson\bson_validate.h">
      <Filter>Header Files\mongo\bson</Filter>
    </ClInclude>
    <ClInclude Include="..\..\..\..\mongo\src\mongo\bson\inline_decls.h">
      <Filter>Header Files\mongo\bson</Filter>
    </ClInclude>
    <ClInclude Include="..\..\..\..\mongo\src\mongo\bson\json.h">
      <Filter>Header Files\mongo\bson</Filter>
    </ClInclude>
    <ClInclude Include="..\..\..\..\mongo\src\mongo\bson\oid.h">
      <Filter>Header Files\mongo\bson</Filter>
    </ClInclude>
    <ClInclude Include="..\..\..\..\mongo\src\mongo\bson\ordering.h">
      <Filter>Header Files\mongo\bson</Filter>
    </ClInclude>
    <ClInclude Include="..\..\..\..\mongo\src\mongo\bson\timestamp.h">
      <Filter>Header Files\mongo\bson</Filter>
    </ClInclude>
    <ClInclude Include="..\..\..\src\mongo_terarkdb\mongo_terarkdb_common.hpp">
      <Filter>Header Files\mongo_terarkdb</Filter>
    </ClInclude>
    <ClInclude Include="..\..\..\src\mongo_terarkdb\terarkdb_customization_hooks.h">
      <Filter>Header Files\mongo_terarkdb</Filter>
    </ClInclude>
    <ClInclude Include="..\..\..\src\mongo_terarkdb\terarkdb_global_options.h">
      <Filter>Header Files\mongo_terarkdb</Filter>
    </ClInclude>
    <ClInclude Include="..\..\..\src\mongo_terarkdb\terarkdb_index.h">
      <Filter>Header Files\mongo_terarkdb</Filter>
    </ClInclude>
    <ClInclude Include="..\..\..\src\mongo_terarkdb\terarkdb_kv_engine.h">
      <Filter>Header Files\mongo_terarkdb</Filter>
    </ClInclude>
    <ClInclude Include="..\..\..\src\mongo_terarkdb\terarkdb_parameters.h">
      <Filter>Header Files\mongo_terarkdb</Filter>
    </ClInclude>
    <ClInclude Include="..\..\..\src\mongo_terarkdb\terarkdb_record_store.h">
      <Filter>Header Files\mongo_terarkdb</Filter>
    </ClInclude>
    <ClInclude Include="..\..\..\src\mongo_terarkdb\terarkdb_record_store_capped.h">
      <Filter>Header Files\mongo_terarkdb</Filter>
    </ClInclude>
    <ClInclude Include="..\..\..\src\mongo_terarkdb\terarkdb_record_store_oplog_stones.h">
      <Filter>Header Files\mongo_terarkdb</Filter>
    </ClInclude>
    <ClInclude Include="..\..\..\src\mongo_terarkdb\terarkdb_recovery_unit.h">
      <Filter>Header Files\mongo_terarkdb</Filter>
    </ClInclude>
    <ClInclude Include="..\..\..\src\mongo_terarkdb\terarkdb_server_status.h">
      <Filter>Header Files\mongo_terarkdb</Filter>
    </ClInclude>
    <ClInclude Include="..\..\..\src\mongo_terarkdb\terarkdb_size_storer.h">
      <Filter>Header Files\mongo_terarkdb</Filter>
    </ClInclude>
    <ClInclude Include="..\..\..\src\mongo_terarkdb\terarkdb_snapshot_manager.h">
      <Filter>Header Files\mongo_terarkdb</Filter>
    </ClInclude>
    <ClInclude Include="..\..\..\src\mongo_terarkdb\record_codec.h">
      <Filter>Header Files\mongo_terarkdb</Filter>
    </ClInclude>
  </ItemGroup>
</Project>