
Microsoft Visual Studio Solution File, Format Version 12.00
# Visual Studio 14
VisualStudioVersion = 14.0.24720.0
MinimumVisualStudioVersion = 10.0.40219.1
Project("{8BC9CEB8-8B4A-11D0-8D11-00A0C91BC942}") = "terark-db", "terark-db\terark-db.vcxproj", "{9261644E-D0AD-43C5-AD8F-280B92F26B4D}"
EndProject
Project("{8BC9CEB8-8B4A-11D0-8D11-00A0C91BC942}") = "terark-fsa", "..\..\..\terark\vs2015\terark-fsa\terark-fsa\terark-fsa.vcxproj", "{C5ECD2A1-C18E-4C04-B2FA-C5C6F206F5AE}"
EndProject
Project("{8BC9CEB8-8B4A-11D0-8D11-00A0C91BC942}") = "is_iterator", "is_iterator\is_iterator.vcxproj", "{E969001C-C591-474D-BEEA-7256B5556770}"
EndProject
Project("{8BC9CEB8-8B4A-11D0-8D11-00A0C91BC942}") = "TestJson", "TestJson\TestJson.vcxproj", "{D243069F-E609-4974-BE44-4FC0A8902CE1}"
EndProject
Project("{8BC9CEB8-8B4A-11D0-8D11-00A0C91BC942}") = "db-test", "db-test\db-test.vcxproj", "{3673A6D4-193C-4166-A1BB-B48939CD7721}"
EndProject
Project("{8BC9CEB8-8B4A-11D0-8D11-00A0C91BC942}") = "TestBsonCodec", "TestBsonCodec\TestBsonCodec.vcxproj", "{4C806E89-A4B2-446A-B504-276465184B40}"
	ProjectSection(ProjectDependencies) = postProject
		{9261644E-D0AD-43C5-AD8F-280B92F26B4D} = {9261644E-D0AD-43C5-AD8F-280B92F26B4D}
		{C5ECD2A1-C18E-4C04-B2FA-C5C6F206F5AE} = {C5ECD2A1-C18E-4C04-B2FA-C5C6F206F5AE}
	EndProjectSection
EndProject
Project("{8BC9CEB8-8B4A-11D0-8D11-00A0C91BC942}") = "TestStrIndex", "TestStrIndex\TestStrIndex.vcxproj", "{8C6AFBAE-393B-4BD4-ACB0-32DBB371DD91}"
EndProject
Project("{8BC9CEB8-8B4A-11D0-8D11-00A0C91BC942}") = "terarkdb_import", "terarkdb_import\terarkdb_import.vcxproj", "{D9184125-5CB3-4569-94A0-A24BB806C38C}"
EndProject
Project("{8BC9CEB8-8B4A-11D0-8D11-00A0C91BC942}") = "terarkdb_dump", "terarkdb_dump\terarkdb_dump.vcxproj", "{79C9EF20-4BDF-4CD4-996A-3D99F6E0F165}"
EndProject
Project("{8BC9CEB8-8B4A-11D0-8D11-00A0C91BC942}") = "divsufsort", "..\..\..\terark\3rdparty\libdivsufsort\vs2015\lib\divsufsort.vcxproj", "{B8337ACA-FFDC-4AB3-A36E-2571BED388E6}"
EndProject
Project("{8BC9CEB8-8B4A-11D0-8D11-00A0C91BC942}") = "mongo-terarkdb", "mongo-terarkdb\mongo-terarkdb.vcxproj", "{DD4CC6F3-7D80-4531-86AA-88A4C710522B}"
EndProject
Project("{8BC9CEB8-8B4A-11D0-8D11-00A0C91BC942}") = "BinarySearchPerformance", "BinarySearchPerformance\BinarySearchPerformance.vcxproj", "{8EC27B02-6EE8-4F6D-8FED-D859ECFAD50B}"
EndProject
Project("{8BC9CEB8-8B4A-11D0-8D11-00A0C91BC942}") = "db_bench_terark_index", "db_bench_terark_index\db_bench_terark_index.vcxproj", "{21D111D9-EE75-4799-AA22-AF14E404EF2B}"
EndProject
Project("{8BC9CEB8-8B4A-11D0-8D11-00A0C91BC942}") = "leveldb", "leveldb\leveldb.vcxproj", "{47291CA6-175C-4521-8FC9-BE694ADF792A}"
EndProject
Project("{8BC9CEB8-8B4A-11D0-8D11-00A0C91BC942}") = "db-regex-test", "db-regex-test\db-regex-test.vcxproj", "{4258A826-6327-4B14-8529-5B7D5E03971C}"
EndProject
Project("{8BC9CEB8-8B4A-11D0-8D11-00A0C91BC942}") = "terark-db-schema-compile", "terark-db-schema-compile\terark-db-schema-compile.vcxproj", "{C712F901-0A81-452A-9311-6FD8923A29DD}"
EndProject
Project("{8BC9CEB8-8B4A-11D0-8D11-00A0C91BC942}") = "leveldb-api", "leveldb-api\leveldb-api.vcxproj", "{1A8C2DE8-ED76-4146-B97E-C39B53958F9C}"
EndProject
Project("{8BC9CEB8-8B4A-11D0-8D11-00A0C91BC942}") = "royguo1", "royguo1\royguo1.vcxproj", "{3673A6D4-193C-4166-A1BB-B48939CD7321}"
EndProject
Project("{8BC9CEB8-8B4A-11D0-8D11-00A0C91BC942}") = "terark-db-dfadb", "terark-db-dfadb\terark-db-dfadb.vcxproj", "{9271644E-D0AD-43C5-AD8F-280B92F26B4D}"
EndProject
Project("{8BC9CEB8-8B4A-11D0-8D11-00A0C91BC942}") = "terark-db-trbdb", "terark-db-trbdb\terark-db-trbdb.vcxproj", "{9271A44E-20AD-4BC5-3D8F-286BBBF26B49}"
EndProject
Global
	GlobalSection(SolutionConfigurationPlatforms) = preSolution
		Debug|x64 = Debug|x64
		Debug|x86 = Debug|x86
		MinSizeRel|x64 = MinSizeRel|x64
		MinSizeRel|x86 = MinSizeRel|x86
		Release|x64 = Release|x64
		Release|x86 = Release|x86
		RelWithDebInfo|x64 = RelWithDebInfo|x64
		RelWithDebInfo|x86 = RelWithDebInfo|x86
	EndGlobalSection
	GlobalSection(ProjectConfigurationPlatforms) = postSolution
		{9261644E-D0AD-43C5-AD8F-280B92F26B4D}.Debug|x64.ActiveCfg = Debug|x64
		{9261644E-D0AD-43C5-AD8F-280B92F26B4D}.Debug|x64.Build.0 = Debug|x64
		{9261644E-D0AD-43C5-AD8F-280B92F26B4D}.Debug|x86.ActiveCfg = Debug|Win32
		{9261644E-D0AD-43C5-AD8F-280B92F26B4D}.Debug|x86.Build.0 = Debug|Win32
		{9261644E-D0AD-43C5-AD8F-280B92F26B4D}.MinSizeRel|x64.ActiveCfg = Release|x64
		{9261644E-D0AD-43C5-AD8F-280B92F26B4D}.MinSizeRel|x64.Build.0 = Release|x64
		{9261644E-D0AD-43C5-AD8F-280B92F26B4D}.MinSizeRel|x86.ActiveCfg = Release|Win32
		{9261644E-D0AD-43C5-AD8F-280B92F26B4D}.MinSizeRel|x86.Build.0 = Release|Win32
		{9261644E-D0AD-43C5-AD8F-280B92F26B4D}.Release|x64.ActiveCfg = Release|x64
		{9261644E-D0AD-43C5-AD8F-280B92F26B4D}.Release|x64.Build.0 = Release|x64
		{9261644E-D0AD-43C5-AD8F-280B92F26B4D}.Release|x86.ActiveCfg = Release|Win32
		{9261644E-D0AD-43C5-AD8F-280B92F26B4D}.Release|x86.Build.0 = Release|Win32
		{9261644E-D0AD-43C5-AD8F-280B92F26B4D}.RelWithDebInfo|x64.ActiveCfg = Release|x64
		{9261644E-D0AD-43C5-AD8F-280B92F26B4D}.RelWithDebInfo|x64.Build.0 = Release|x64
		{9261644E-D0AD-43C5-AD8F-280B92F26B4D}.RelWithDebInfo|x86.ActiveCfg = Release|Win32
		{9261644E-D0AD-43C5-AD8F-280B92F26B4D}.RelWithDebInfo|x86.Build.0 = Release|Win32
		{C5ECD2A1-C18E-4C04-B2FA-C5C6F206F5AE}.Debug|x64.ActiveCfg = Debug|x64
		{C5ECD2A1-C18E-4C04-B2FA-C5C6F206F5AE}.Debug|x64.Build.0 = Debug|x64
		{C5ECD2A1-C18E-4C04-B2FA-C5C6F206F5AE}.Debug|x86.ActiveCfg = Debug|Win32
		{C5ECD2A1-C18E-4C04-B2FA-C5C6F206F5AE}.Debug|x86.Build.0 = Debug|Win32
		{C5ECD2A1-C18E-4C04-B2FA-C5C6F206F5AE}.MinSizeRel|x64.ActiveCfg = Release|x64
		{C5ECD2A1-C18E-4C04-B2FA-C5C6F206F5AE}.MinSizeRel|x64.Build.0 = Release|x64
		{C5ECD2A1-C18E-4C04-B2FA-C5C6F206F5AE}.MinSizeRel|x86.ActiveCfg = Release|Win32
		{C5ECD2A1-C18E-4C04-B2FA-C5C6F206F5AE}.MinSizeRel|x86.Build.0 = Release|Win32
		{C5ECD2A1-C18E-4C04-B2FA-C5C6F206F5AE}.Release|x64.ActiveCfg = Release|x64
		{C5ECD2A1-C18E-4C04-B2FA-C5C6F206F5AE}.Release|x64.Build.0 = Release|x64
		{C5ECD2A1-C18E-4C04-B2FA-C5C6F206F5AE}.Release|x86.ActiveCfg = Release|Win32
		{C5ECD2A1-C18E-4C04-B2FA-C5C6F206F5AE}.Release|x86.Build.0 = Release|Win32
		{C5ECD2A1-C18E-4C04-B2FA-C5C6F206F5AE}.RelWithDebInfo|x64.ActiveCfg = Release|x64
		{C5ECD2A1-C18E-4C04-B2FA-C5C6F206F5AE}.RelWithDebInfo|x64.Build.0 = Release|x64
		{C5ECD2A1-C18E-4C04-B2FA-C5C6F206F5AE}.RelWithDebInfo|x86.ActiveCfg = Release|Win32
		{C5ECD2A1-C18E-4C04-B2FA-C5C6F206F5AE}.RelWithDebInfo|x86.Build.0 = Release|Win32
		{E969001C-C591-474D-BEEA-7256B5556770}.Debug|x64.ActiveCfg = Debug|x64
		{E969001C-C591-474D-BEEA-7256B5556770}.Debug|x64.Build.0 = Debug|x64
		{E969001C-C591-474D-BEEA-7256B5556770}.Debug|x86.ActiveCfg = Debug|Win32
		{E969001C-C591-474D-BEEA-7256B5556770}.Debug|x86.Build.0 = Debug|Win32
		{E969001C-C591-474D-BEEA-7256B5556770}.MinSizeRel|x64.ActiveCfg = Release|x64
		{E969001C-C591-474D-BEEA-7256B5556770}.MinSizeRel|x64.Build.0 = Release|x64
		{E969001C-C591-474D-BEEA-7256B5556770}.MinSizeRel|x86.ActiveCfg = Release|Win32
		{E969001C-C591-474D-BEEA-7256B5556770}.MinSizeRel|x86.Build.0 = Release|Win32
		{E969001C-C591-474D-BEEA-7256B5556770}.Release|x64.ActiveCfg = Release|x64
		{E969001C-C591-474D-BEEA-7256B5556770}.Release|x64.Build.0 = Release|x64
		{E969001C-C591-474D-BEEA-7256B5556770}.Release|x86.ActiveCfg = Release|Win32
		{E969001C-C591-474D-BEEA-7256B5556770}.Release|x86.Build.0 = Release|Win32
		{E969001C-C591-474D-BEEA-7256B5556770}.RelWithDebInfo|x64.ActiveCfg = Release|x64
		{E969001C-C591-474D-BEEA-7256B5556770}.RelWithDebInfo|x64.Build.0 = Release|x64
		{E969001C-C591-474D-BEEA-7256B5556770}.RelWithDebInfo|x86.ActiveCfg = Release|Win32
		{E969001C-C591-474D-BEEA-7256B5556770}.RelWithDebInfo|x86.Build.0 = Release|Win32
		{D243069F-E609-4974-BE44-4FC0A8902CE1}.Debug|x64.ActiveCfg = Debug|x64
		{D243069F-E609-4974-BE44-4FC0A8902CE1}.Debug|x64.Build.0 = Debug|x64
		{D243069F-E609-4974-BE44-4FC0A8902CE1}.Debug|x86.ActiveCfg = Debug|Win32
		{D243069F-E609-4974-BE44-4FC0A8902CE1}.Debug|x86.Build.0 = Debug|Win32
		{D243069F-E609-4974-BE44-4FC0A8902CE1}.MinSizeRel|x64.ActiveCfg = Release|x64
		{D243069F-E609-4974-BE44-4FC0A8902CE1}.MinSizeRel|x64.Build.0 = Release|x64
		{D243069F-E609-4974-BE44-4FC0A8902CE1}.MinSizeRel|x86.ActiveCfg = Release|Win32
		{D243069F-E609-4974-BE44-4FC0A8902CE1}.MinSizeRel|x86.Build.0 = Release|Win32
		{D243069F-E609-4974-BE44-4FC0A8902CE1}.Release|x64.ActiveCfg = Release|x64
		{D243069F-E609-4974-BE44-4FC0A8902CE1}.Release|x64.Build.0 = Release|x64
		{D243069F-E609-4974-BE44-4FC0A8902CE1}.Release|x86.ActiveCfg = Release|Win32
		{D243069F-E609-4974-BE44-4FC0A8902CE1}.Release|x86.Build.0 = Release|Win32
		{D243069F-E609-4974-BE44-4FC0A8902CE1}.RelWithDebInfo|x64.ActiveCfg = Release|x64
		{D243069F-E609-4974-BE44-4FC0A8902CE1}.RelWithDebInfo|x64.Build.0 = Release|x64
		{D243069F-E609-4974-BE44-4FC0A8902CE1}.RelWithDebInfo|x86.ActiveCfg = Release|Win32
		{D243069F-E609-4974-BE44-4FC0A8902CE1}.RelWithDebInfo|x86.Build.0 = Release|Win32
		{3673A6D4-193C-4166-A1BB-B48939CD7721}.Debug|x64.ActiveCfg = Debug|x64
		{3673A6D4-193C-4166-A1BB-B48939CD7721}.Debug|x64.Build.0 = Debug|x64
		{3673A6D4-193C-4166-A1BB-B48939CD7721}.Debug|x86.ActiveCfg = Debug|Win32
		{3673A6D4-193C-4166-A1BB-B48939CD7721}.Debug|x86.Build.0 = Debug|Win32
		{3673A6D4-193C-4166-A1BB-B48939CD7721}.MinSizeRel|x64.ActiveCfg = Release|x64
		{3673A6D4-193C-4166-A1BB-B48939CD7721}.MinSizeRel|x64.Build.0 = Release|x64
		{3673A6D4-193C-4166-A1BB-B48939CD7721}.MinSizeRel|x86.ActiveCfg = Release|Win32
		{3673A6D4-193C-4166-A1BB-B48939CD7721}.MinSizeRel|x86.Build.0 = Release|Win32
		{3673A6D4-193C-4166-A1BB-B48939CD7721}.Release|x64.ActiveCfg = Release|x64
		{3673A6D4-193C-4166-A1BB-B48939CD7721}.Release|x64.Build.0 = Release|x64
		{3673A6D4-193C-4166-A1BB-B48939CD7721}.Release|x86.ActiveCfg = Release|Win32
		{3673A6D4-193C-4166-A1BB-B48939CD7721}.Release|x86.Build.0 = Release|Win32
		{3673A6D4-193C-4166-A1BB-B48939CD7721}.RelWithDebInfo|x64.ActiveCfg = Release|x64
		{3673A6D4-193C-4166-A1BB-B48939CD7721}.RelWithDebInfo|x64.Build.0 = Release|x64
		{3673A6D4-193C-4166-A1BB-B48939CD7721}.RelWithDebInfo|x86.ActiveCfg = Release|Win32
		{3673A6D4-193C-4166-A1BB-B48939CD7721}.RelWithDebInfo|x86.Build.0 = Release|Win32
		{4C806E89-A4B2-446A-B504-276465184B40}.Debug|x64.ActiveCfg = Debug|x64
		{4C806E89-A4B2-446A-B504-276465184B40}.Debug|x64.Build.0 = Debug|x64
		{4C806E89-A4B2-446A-B504-276465184B40}.Debug|x86.ActiveCfg = Debug|Win32
		{4C806E89-A4B2-446A-B504-276465184B40}.Debug|x86.Build.0 = Debug|Win32
		{4C806E89-A4B2-446A-B504-276465184B40}.MinSizeRel|x64.ActiveCfg = Release|x64
		{4C806E89-A4B2-446A-B504-276465184B40}.MinSizeRel|x64.Build.0 = Release|x64
		{4C806E89-A4B2-446A-B504-276465184B40}.MinSizeRel|x86.ActiveCfg = Release|Win32
		{4C806E89-A4B2-446A-B504-276465184B40}.MinSizeRel|x86.Build.0 = Release|Win32
		{4C806E89-A4B2-446A-B504-276465184B40}.Release|x64.ActiveCfg = Release|x64
		{4C806E89-A4B2-446A-B504-276465184B40}.Release|x64.Build.0 = Release|x64
		{4C806E89-A4B2-446A-B504-276465184B40}.Release|x86.ActiveCfg = Release|Win32
		{4C806E89-A4B2-446A-B504-276465184B40}.Release|x86.Build.0 = Release|Win32
		{4C806E89-A4B2-446A-B504-276465184B40}.RelWithDebInfo|x64.ActiveCfg = Release|x64
		{4C806E89-A4B2-446A-B504-276465184B40}.RelWithDebInfo|x64.Build.0 = Release|x64
		{4C806E89-A4B2-446A-B504-276465184B40}.RelWithDebInfo|x86.ActiveCfg = Release|Win32
		{4C806E89-A4B2-446A-B504-276465184B40}.RelWithDebInfo|x86.Build.0 = Release|Win32
		{8C6AFBAE-393B-4BD4-ACB0-32DBB371DD91}.Debug|x64.ActiveCfg = Debug|x64
		{8C6AFBAE-393B-4BD4-ACB0-32DBB371DD91}.Debug|x64.Build.0 = Debug|x64
		{8C6AFBAE-393B-4BD4-ACB0-32DBB371DD91}.Debug|x86.ActiveCfg = Debug|Win32
		{8C6AFBAE-393B-4BD4-ACB0-32DBB371DD91}.Debug|x86.Build.0 = Debug|Win32
		{8C6AFBAE-393B-4BD4-ACB0-32DBB371DD91}.MinSizeRel|x64.ActiveCfg = Release|x64
		{8C6AFBAE-393B-4BD4-ACB0-32DBB371DD91}.MinSizeRel|x64.Build.0 = Release|x64
		{8C6AFBAE-393B-4BD4-ACB0-32DBB371DD91}.MinSizeRel|x86.ActiveCfg = Release|Win32
		{8C6AFBAE-393B-4BD4-ACB0-32DBB371DD91}.MinSizeRel|x86.Build.0 = Release|Win32
		{8C6AFBAE-393B-4BD4-ACB0-32DBB371DD91}.Release|x64.ActiveCfg = Release|x64
		{8C6AFBAE-393B-4BD4-ACB0-32DBB371DD91}.Release|x64.Build.0 = Release|x64
		{8C6AFBAE-393B-4BD4-ACB0-32DBB371DD91}.Release|x86.ActiveCfg = Release|Win32
		{8C6AFBAE-393B-4BD4-ACB0-32DBB371DD91}.Release|x86.Build.0 = Release|Win32
		{8C6AFBAE-393B-4BD4-ACB0-32DBB371DD91}.RelWithDebInfo|x64.ActiveCfg = Release|x64
		{8C6AFBAE-393B-4BD4-ACB0-32DBB371DD91}.RelWithDebInfo|x64.Build.0 = Release|x64
		{8C6AFBAE-393B-4BD4-ACB0-32DBB371DD91}.RelWithDebInfo|x86.ActiveCfg = Release|Win32
		{8C6AFBAE-393B-4BD4-ACB0-32DBB371DD91}.RelWithDebInfo|x86.Build.0 = Release|Win32
		{D9184125-5CB3-4569-94A0-A24BB806C38C}.Debug|x64.ActiveCfg = Debug|x64
		{D9184125-5CB3-4569-94A0-A24BB806C38C}.Debug|x64.Build.0 = Debug|x64
		{D9184125-5CB3-4569-94A0-A24BB806C38C}.Debug|x86.ActiveCfg = Debug|Win32
		{D9184125-5CB3-4569-94A0-A24BB806C38C}.Debug|x86.Build.0 = Debug|Win32
		{D9184125-5CB3-4569-94A0-A24BB806C38C}.MinSizeRel|x64.ActiveCfg = Release|x64
		{D9184125-5CB3-4569-94A0-A24BB806C38C}.MinSizeRel|x64.Build.0 = Release|x64
		{D9184125-5CB3-4569-94A0-A24BB806C38C}.MinSizeRel|x86.ActiveCfg = Release|Win32
		{D9184125-5CB3-4569-94A0-A24BB806C38C}.MinSizeRel|x86.Build.0 = Release|Win32
		{D9184125-5CB3-4569-94A0-A24BB806C38C}.Release|x64.ActiveCfg = Release|x64
		{D9184125-5CB3-4569-94A0-A24BB806C38C}.Release|x64.Build.0 = Release|x64
		{D9184125-5CB3-4569-94A0-A24BB806C38C}.Release|x86.ActiveCfg = Release|Win32
		{D9184125-5CB3-4569-94A0-A24BB806C38C}.Release|x86.Build.0 = Release|Win32
		{D9184125-5CB3-4569-94A0-A24BB806C38C}.RelWithDebInfo|x64.ActiveCfg = Release|x64
		{D9184125-5CB3-4569-94A0-A24BB806C38C}.RelWithDebInfo|x64.Build.0 = Release|x64
		{D9184125-5CB3-4569-94A0-A24BB806C38C}.RelWithDebInfo|x86.ActiveCfg = Release|Win32
		{D9184125-5CB3-4569-94A0-A24BB806C38C}.RelWithDebInfo|x86.Build.0 = Release|Win32
		{79C9EF20-4BDF-4CD4-996A-3D99F6E0F165}.Debug|x64.ActiveCfg = Debug|x64
		{79C9EF20-4BDF-4CD4-996A-3D99F6E0F165}.Debug|x64.Build.0 = Debug|x64
		{79C9EF20-4BDF-4CD4-996A-3D99F6E0F165}.Debug|x86.ActiveCfg = Debug|Win32
		{79C9EF20-4BDF-4CD4-996A-3D99F6E0F165}.Debug|x86.Build.0 = Debug|Win32
		{79C9EF20-4BDF-4CD4-996A-3D99F6E0F165}.MinSizeRel|x64.ActiveCfg = Release|x64
		{79C9EF20-4BDF-4CD4-996A-3D99F6E0F165}.MinSizeRel|x64.Build.0 = Release|x64
		{79C9EF20-4BDF-4CD4-996A-3D99F6E0F165}.MinSizeRel|x86.ActiveCfg = Release|Win32
		{79C9EF20-4BDF-4CD4-996A-3D99F6E0F165}.MinSizeRel|x86.Build.0 = Release|Win32
		{79C9EF20-4BDF-4CD4-996A-3D99F6E0F165}.Release|x64.ActiveCfg = Release|x64
		{79C9EF20-4BDF-4CD4-996A-3D99F6E0F165}.Release|x64.Build.0 = Release|x64
		{79C9EF20-4BDF-4CD4-996A-3D99F6E0F165}.Release|x86.ActiveCfg = Release|Win32
		{79C9EF20-4BDF-4CD4-996A-3D99F6E0F165}.Release|x86.Build.0 = Release|Win32
		{79C9EF20-4BDF-4CD4-996A-3D99F6E0F165}.RelWithDebInfo|x64.ActiveCfg = Release|x64
		{79C9EF20-4BDF-4CD4-996A-3D99F6E0F165}.RelWithDebInfo|x64.Build.0 = Release|x64
		{79C9EF20-4BDF-4CD4-996A-3D99F6E0F165}.RelWithDebInfo|x86.ActiveCfg = Release|Win32
		{79C9EF20-4BDF-4CD4-996A-3D99F6E0F165}.RelWithDebInfo|x86.Build.0 = Release|Win32
		{B8337ACA-FFDC-4AB3-A36E-2571BED388E6}.Debug|x64.ActiveCfg = Debug|x64
		{B8337ACA-FFDC-4AB3-A36E-2571BED388E6}.Debug|x64.Build.0 = Debug|x64
		{B8337ACA-FFDC-4AB3-A36E-2571BED388E6}.Debug|x86.ActiveCfg = Debug|Win32
		{B8337ACA-FFDC-4AB3-A36E-2571BED388E6}.Debug|x86.Build.0 = Debug|Win32
		{B8337ACA-FFDC-4AB3-A36E-2571BED388E6}.MinSizeRel|x64.ActiveCfg = MinSizeRel|x64
		{B8337ACA-FFDC-4AB3-A36E-2571BED388E6}.MinSizeRel|x64.Build.0 = MinSizeRel|x64
		{B8337ACA-FFDC-4AB3-A36E-2571BED388E6}.MinSizeRel|x86.ActiveCfg = MinSizeRel|Win32
		{B8337ACA-FFDC-4AB3-A36E-2571BED388E6}.MinSizeRel|x86.Build.0 = MinSizeRel|Win32
		{B8337ACA-FFDC-4AB3-A36E-2571BED388E6}.Release|x64.ActiveCfg = Release|x64
		{B8337ACA-FFDC-4AB3-A36E-2571BED388E6}.Release|x64.Build.0 = Release|x64
		{B8337ACA-FFDC-4AB3-A36E-2571BED388E6}.Release|x86.ActiveCfg = Release|Win32
		{B8337ACA-FFDC-4AB3-A36E-2571BED388E6}.Release|x86.Build.0 = Release|Win32
		{B8337ACA-FFDC-4AB3-A36E-2571BED388E6}.RelWithDebInfo|x64.ActiveCfg = RelWithDebInfo|x64
		{B8337ACA-FFDC-4AB3-A36E-2571BED388E6}.RelWithDebInfo|x64.Build.0 = RelWithDebInfo|x64
		{B8337ACA-FFDC-4AB3-A36E-2571BED388E6}.RelWithDebInfo|x86.ActiveCfg = RelWithDebInfo|Win32
		{B8337ACA-FFDC-4AB3-A36E-2571BED388E6}.RelWithDebInfo|x86.Build.0 = RelWithDebInfo|Win32
		{DD4CC6F3-7D80-4531-86AA-88A4C710522B}.Debug|x64.ActiveCfg = Debug|x64
		{DD4CC6F3-7D80-4531-86AA-88A4C710522B}.Debug|x64.Build.0 = Debug|x64
		{DD4CC6F3-7D80-4531-86AA-88A4C710522B}.Debug|x86.ActiveCfg = Debug|Win32
		{DD4CC6F3-7D80-4531-86AA-88A4C710522B}.Debug|x86.Build.0 = Debug|Win32
		{DD4CC6F3-7D80-4531-86AA-88A4C710522B}.MinSizeRel|x64.ActiveCfg = Release|x64
		{DD4CC6F3-7D80-4531-86AA-88A4C710522B}.MinSizeRel|x64.Build.0 = Release|x64
		{DD4CC6F3-7D80-4531-86AA-88A4C710522B}.MinSizeRel|x86.ActiveCfg = Release|Win32
		{DD4CC6F3-7D80-4531-86AA-88A4C710522B}.MinSizeRel|x86.Build.0 = Release|Win32
		{DD4CC6F3-7D80-4531-86AA-88A4C710522B}.Release|x64.ActiveCfg = Release|x64
		{DD4CC6F3-7D80-4531-86AA-88A4C710522B}.Release|x64.Build.0 = Release|x64
		{DD4CC6F3-7D80-4531-86AA-88A4C710522B}.Release|x86.ActiveCfg = Release|Win32
		{DD4CC6F3-7D80-4531-86AA-88A4C710522B}.Release|x86.Build.0 = Release|Win32
		{DD4CC6F3-7D80-4531-86AA-88A4C710522B}.RelWithDebInfo|x64.ActiveCfg = Release|x64
		{DD4CC6F3-7D80-4531-86AA-88A4C710522B}.RelWithDebInfo|x64.Build.0 = Release|x64
		{DD4CC6F3-7D80-4531-86AA-88A4C710522B}.RelWithDebInfo|x86.ActiveCfg = Release|Win32
		{DD4CC6F3-7D80-4531-86AA-88A4C710522B}.RelWithDebInfo|x86.Build.0 = Release|Win32
		{8EC27B02-6EE8-4F6D-8FED-D859ECFAD50B}.Debug|x64.ActiveCfg = Debug|x64
		{8EC27B02-6EE8-4F6D-8FED-D859ECFAD50B}.Debug|x64.Build.0 = Debug|x64
		{8EC27B02-6EE8-4F6D-8FED-D859ECFAD50B}.Debug|x86.ActiveCfg = Debug|Win32
		{8EC27B02-6EE8-4F6D-8FED-D859ECFAD50B}.Debug|x86.Build.0 = Debug|Win32
		{8EC27B02-6EE8-4F6D-8FED-D859ECFAD50B}.MinSizeRel|x64.ActiveCfg = Release|x64
		{8EC27B02-6EE8-4F6D-8FED-D859ECFAD50B}.MinSizeRel|x64.Build.0 = Release|x64
		{8EC27B02-6EE8-4F6D-8FED-D859ECFAD50B}.MinSizeRel|x86.ActiveCfg = Release|Win32
		{8EC27B02-6EE8-4F6D-8FED-D859ECFAD50B}.MinSizeRel|x86.Build.0 = Release|Win32
		{8EC27B02-6EE8-4F6D-8FED-D859ECFAD50B}.Release|x64.ActiveCfg = Release|x64
		{8EC27B02-6EE8-4F6D-8FED-D859ECFAD50B}.Release|x64.Build.0 = Release|x64
		{8EC27B02-6EE8-4F6D-8FED-D859ECFAD50B}.Release|x86.ActiveCfg = Release|Win32
		{8EC27B02-6EE8-4F6D-8FED-D859ECFAD50B}.Release|x86.Build.0 = Release|Win32
		{8EC27B02-6EE8-4F6D-8FED-D859ECFAD50B}.RelWithDebInfo|x64.ActiveCfg = Release|x64
		{8EC27B02-6EE8-4F6D-8FED-D859ECFAD50B}.RelWithDebInfo|x64.Build.0 = Release|x64
		{8EC27B02-6EE8-4F6D-8FED-D859ECFAD50B}.RelWithDebInfo|x86.ActiveCfg = Release|Win32
		{8EC27B02-6EE8-4F6D-8FED-D859ECFAD50B}.RelWithDebInfo|x86.Build.0 = Release|Win32
		{21D111D9-EE75-4799-AA22-AF14E404EF2B}.Debug|x64.ActiveCfg = Debug|x64
		{21D111D9-EE75-4799-AA22-AF14E404EF2B}.Debug|x64.Build.0 = Debug|x64
		{21D111D9-EE75-4799-AA22-AF14E404EF2B}.Debug|x86.ActiveCfg = Debug|Win32
		{21D111D9-EE75-4799-AA22-AF14E404EF2B}.Debug|x86.Build.0 = Debug|Win32
		{21D111D9-EE75-4799-AA22-AF14E404EF2B}.MinSizeRel|x64.ActiveCfg = Release|x64
		{21D111D9-EE75-4799-AA22-AF14E404EF2B}.MinSizeRel|x64.Build.0 = Release|x64
		{21D111D9-EE75-4799-AA22-AF14E404EF2B}.MinSizeRel|x86.ActiveCfg = Release|Win32
		{21D111D9-EE75-4799-AA22-AF14E404EF2B}.MinSizeRel|x86.Build.0 = Release|Win32
		{21D111D9-EE75-4799-AA22-AF14E404EF2B}.Release|x64.ActiveCfg = Release|x64
		{21D111D9-EE75-4799-AA22-AF14E404EF2B}.Release|x64.Build.0 = Release|x64
		{21D111D9-EE75-4799-AA22-AF14E404EF2B}.Release|x86.ActiveCfg = Release|Win32
		{21D111D9-EE75-4799-AA22-AF14E404EF2B}.Release|x86.Build.0 = Release|Win32
		{21D111D9-EE75-4799-AA22-AF14E404EF2B}.RelWithDebInfo|x64.ActiveCfg = Release|x64
		{21D111D9-EE75-4799-AA22-AF14E404EF2B}.RelWithDebInfo|x64.Build.0 = Release|x64
		{21D111D9-EE75-4799-AA22-AF14E404EF2B}.RelWithDebInfo|x86.ActiveCfg = Release|Win32
		{21D111D9-EE75-4799-AA22-AF14E404EF2B}.RelWithDebInfo|x86.Build.0 = Release|Win32
		{47291CA6-175C-4521-8FC9-BE694ADF792A}.Debug|x64.ActiveCfg = Debug|x64
		{47291CA6-175C-4521-8FC9-BE694ADF792A}.Debug|x64.Build.0 = Debug|x64
		{47291CA6-175C-4521-8FC9-BE694ADF792A}.Debug|x86.ActiveCfg = Debug|Win32
		{47291CA6-175C-4521-8FC9-BE694ADF792A}.Debug|x86.Build.0 = Debug|Win32
		{47291CA6-175C-4521-8FC9-BE694ADF792A}.MinSizeRel|x64.ActiveCfg = Release|x64
		{47291CA6-175C-4521-8FC9-BE694ADF792A}.MinSizeRel|x64.Build.0 = Release|x64
		{47291CA6-175C-4521-8FC9-BE694ADF792A}.MinSizeRel|x86.ActiveCfg = Release|Win32
		{47291CA6-175C-4521-8FC9-BE694ADF792A}.MinSizeRel|x86.Build.0 = Release|Win32
		{47291CA6-175C-4521-8FC9-BE694ADF792A}.Release|x64.ActiveCfg = Release|x64
		{47291CA6-175C-4521-8FC9-BE694ADF792A}.Release|x64.Build.0 = Release|x64
		{47291CA6-175C-4521-8FC9-BE694ADF792A}.Release|x86.ActiveCfg = Release|Win32
		{47291CA6-175C-4521-8FC9-BE694ADF792A}.Release|x86.Build.0 = Release|Win32
		{47291CA6-175C-4521-8FC9-BE694ADF792A}.RelWithDebInfo|x64.ActiveCfg = Release|x64
		{47291CA6-175C-4521-8FC9-BE694ADF792A}.RelWithDebInfo|x64.Build.0 = Release|x64
		{47291CA6-175C-4521-8FC9-BE694ADF792A}.RelWithDebInfo|x86.ActiveCfg = Release|Win32
		{47291CA6-175C-4521-8FC9-BE694ADF792A}.RelWithDebInfo|x86.Build.0 = Release|Win32
		{4258A826-6327-4B14-8529-5B7D5E03971C}.Debug|x64.ActiveCfg = Debug|x64
		{4258A826-6327-4B14-8529-5B7D5E03971C}.Debug|x64.Build.0 = Debug|x64
		{4258A826-6327-4B14-8529-5B7D5E03971C}.Debug|x86.ActiveCfg = Debug|Win32
		{4258A826-6327-4B14-8529-5B7D5E03971C}.Debug|x86.Build.0 = Debug|Win32
		{4258A826-6327-4B14-8529-5B7D5E03971C}.MinSizeRel|x64.ActiveCfg = Release|x64
		{4258A826-6327-4B14-8529-5B7D5E03971C}.MinSizeRel|x64.Build.0 = Release|x64
		{4258A826-6327-4B14-8529-5B7D5E03971C}.MinSizeRel|x86.ActiveCfg = Release|Win32
		{4258A826-6327-4B14-8529-5B7D5E03971C}.MinSizeRel|x86.Build.0 = Release|Win32
		{4258A826-6327-4B14-8529-5B7D5E03971C}.Release|x64.ActiveCfg = Release|x64
		{4258A826-6327-4B14-8529-5B7D5E03971C}.Release|x64.Build.0 = Release|x64
		{4258A826-6327-4B14-8529-5B7D5E03971C}.Release|x86.ActiveCfg = Release|Win32
		{4258A826-6327-4B14-8529-5B7D5E03971C}.Release|x86.Build.0 = Release|Win32
		{4258A826-6327-4B14-8529-5B7D5E03971C}.RelWithDebInfo|x64.ActiveCfg = Release|x64
		{4258A826-6327-4B14-8529-5B7D5E03971C}.RelWithDebInfo|x64.Build.0 = Release|x64
		{4258A826-6327-4B14-8529-5B7D5E03971C}.RelWithDebInfo|x86.ActiveCfg = Release|Win32
		{4258A826-6327-4B14-8529-5B7D5E03971C}.RelWithDebInfo|x86.Build.0 = Release|Win32
		{C712F901-0A81-452A-9311-6FD8923A29DD}.Debug|x64.ActiveCfg = Debug|x64
		{C712F901-0A81-452A-9311-6FD8923A29DD}.Debug|x64.Build.0 = Debug|x64
		{C712F901-0A81-452A-9311-6FD8923A29DD}.Debug|x86.ActiveCfg = Debug|Win32
		{C712F901-0A81-452A-9311-6FD8923A29DD}.Debug|x86.Build.0 = Debug|Win32
		{C712F901-0A81-452A-9311-6FD8923A29DD}.MinSizeRel|x64.ActiveCfg = Release|x64
		{C712F901-0A81-452A-9311-6FD8923A29DD}.MinSizeRel|x64.Build.0 = Release|x64
		{C712F901-0A81-452A-9311-6FD8923A29DD}.MinSizeRel|x86.ActiveCfg = Release|Win32
		{C712F901-0A81-452A-9311-6FD8923A29DD}.MinSizeRel|x86.Build.0 = Release|Win32
		{C712F901-0A81-452A-9311-6FD8923A29DD}.Release|x64.ActiveCfg = Release|x64
		{C712F901-0A81-452A-9311-6FD8923A29DD}.Release|x64.Build.0 = Release|x64
		{C712F901-0A81-452A-9311-6FD8923A29DD}.Release|x86.ActiveCfg = Release|Win32
		{C712F901-0A81-452A-9311-6FD8923A29DD}.Release|x86.Build.0 = Release|Win32
		{C712F901-0A81-452A-9311-6FD8923A29DD}.RelWithDebInfo|x64.ActiveCfg = Release|x64
		{C712F901-0A81-452A-9311-6FD8923A29DD}.RelWithDebInfo|x64.Build.0 = Release|x64
		{C712F901-0A81-452A-9311-6FD8923A29DD}.RelWithDebInfo|x86.ActiveCfg = Release|Win32
		{C712F901-0A81-452A-9311-6FD8923A29DD}.RelWithDebInfo|x86.Build.0 = Release|Win32
		{1A8C2DE8-ED76-4146-B97E-C39B53958F9C}.Debug|x64.ActiveCfg = Debug|x64
		{1A8C2DE8-ED76-4146-B97E-C39B53958F9C}.Debug|x64.Build.0 = Debug|x64
		{1A8C2DE8-ED76-4146-B97E-C39B53958F9C}.Debug|x86.ActiveCfg = Debug|Win32
		{1A8C2DE8-ED76-4146-B97E-C39B53958F9C}.Debug|x86.Build.0 = Debug|Win32
		{1A8C2DE8-ED76-4146-B97E-C39B53958F9C}.MinSizeRel|x64.ActiveCfg = Release|x64
		{1A8C2DE8-ED76-4146-B97E-C39B53958F9C}.MinSizeRel|x64.Build.0 = Release|x64
		{1A8C2DE8-ED76-4146-B97E-C39B53958F9C}.MinSizeRel|x86.ActiveCfg = Release|Win32
		{1A8C2DE8-ED76-4146-B97E-C39B53958F9C}.MinSizeRel|x86.Build.0 = Release|Win32
		{1A8C2DE8-ED76-4146-B97E-C39B53958F9C}.Release|x64.ActiveCfg = Release|x64
		{1A8C2DE8-ED76-4146-B97E-C39B53958F9C}.Release|x64.Build.0 = Release|x64
		{1A8C2DE8-ED76-4146-B97E-C39B53958F9C}.Release|x86.ActiveCfg = Release|Win32
		{1A8C2DE8-ED76-4146-B97E-C39B53958F9C}.Release|x86.Build.0 = Release|Win32
		{1A8C2DE8-ED76-4146-B97E-C39B53958F9C}.RelWithDebInfo|x64.ActiveCfg = Release|x64
		{1A8C2DE8-ED76-4146-B97E-C39B53958F9C}.RelWithDebInfo|x64.Build.0 = Release|x64
		{1A8C2DE8-ED76-4146-B97E-C39B53958F9C}.RelWithDebInfo|x86.ActiveCfg = Release|Win32
		{1A8C2DE8-ED76-4146-B97E-C39B53958F9C}.RelWithDebInfo|x86.Build.0 = Release|Win32
		{3673A6D4-193C-4166-A1BB-B48939CD7321}.Debug|x64.ActiveCfg = Debug|x64
		{3673A6D4-193C-4166-A1BB-B48939CD7321}.Debug|x64.Build.0 = Debug|x64
		{3673A6D4-193C-4166-A1BB-B48939CD7321}.Debug|x86.ActiveCfg = Debug|Win32
		{3673A6D4-193C-4166-A1BB-B48939CD7321}.Debug|x86.Build.0 = Debug|Win32
		{3673A6D4-193C-4166-A1BB-B48939CD7321}.MinSizeRel|x64.ActiveCfg = Release|x64
		{3673A6D4-193C-4166-A1BB-B48939CD7321}.MinSizeRel|x64.Build.0 = Release|x64
		{3673A6D4-193C-4166-A1BB-B48939CD7321}.MinSizeRel|x86.ActiveCfg = Release|Win32
		{3673A6D4-193C-4166-A1BB-B48939CD7321}.MinSizeRel|x86.Build.0 = Release|Win32
		{3673A6D4-193C-4166-A1BB-B48939CD7321}.Release|x64.ActiveCfg = Release|x64
		{3673A6D4-193C-4166-A1BB-B48939CD7321}.Release|x64.Build.0 = Release|x64
		{3673A6D4-193C-4166-A1BB-B48939CD7321}.Release|x86.ActiveCfg = Release|Win32
		{3673A6D4-193C-4166-A1BB-B48939CD7321}.Release|x86.Build.0 = Release|Win32
		{3673A6D4-193C-4166-A1BB-B48939CD7321}.RelWithDebInfo|x64.ActiveCfg = Release|x64
		{3673A6D4-193C-4166-A1BB-B48939CD7321}.RelWithDebInfo|x64.Build.0 = Release|x64
		{3673A6D4-193C-4166-A1BB-B48939CD7321}.RelWithDebInfo|x86.ActiveCfg = Release|Win32
		{3673A6D4-193C-4166-A1BB-B48939CD7321}.RelWithDebInfo|x86.Build.0 = Release|Win32
		{9271644E-D0AD-43C5-AD8F-280B92F26B4D}.Debug|x64.ActiveCfg = Debug|x64
		{9271644E-D0AD-43C5-AD8F-280B92F26B4D}.Debug|x64.Build.0 = Debug|x64
		{9271644E-D0AD-43C5-AD8F-280B92F26B4D}.Debug|x86.ActiveCfg = Debug|Win32
		{9271644E-D0AD-43C5-AD8F-280B92F26B4D}.Debug|x86.Build.0 = Debug|Win32
		{9271644E-D0AD-43C5-AD8F-280B92F26B4D}.MinSizeRel|x64.ActiveCfg = Release|x64
		{9271644E-D0AD-43C5-AD8F-280B92F26B4D}.MinSizeRel|x64.Build.0 = Release|x64
		{9271644E-D0AD-43C5-AD8F-280B92F26B4D}.MinSizeRel|x86.ActiveCfg = Release|Win32
		{9271644E-D0AD-43C5-AD8F-280B92F26B4D}.MinSizeRel|x86.Build.0 = Release|Win32
		{9271644E-D0AD-43C5-AD8F-280B92F26B4D}.Release|x64.ActiveCfg = Release|x64
		{9271644E-D0AD-43C5-AD8F-280B92F26B4D}.Release|x64.Build.0 = Release|x64
		{9271644E-D0AD-43C5-AD8F-280B92F26B4D}.Release|x86.ActiveCfg = Release|Win32
		{9271644E-D0AD-43C5-AD8F-280B92F26B4D}.Release|x86.Build.0 = Release|Win32
		{9271644E-D0AD-43C5-AD8F-280B92F26B4D}.RelWithDebInfo|x64.ActiveCfg = Release|x64
		{9271644E-D0AD-43C5-AD8F-280B92F26B4D}.RelWithDebInfo|x64.Build.0 = Release|x64
		{9271644E-D0AD-43C5-AD8F-280B92F26B4D}.RelWithDebInfo|x86.ActiveCfg = Release|Win32
		{9271644E-D0AD-43C5-AD8F-280B92F26B4D}.RelWithDebInfo|x86.Build.0 = Release|Win32
		{9271A44E-20AD-4BC5-3D8F-286BBBF26B49}.Debug|x64.ActiveCfg = Debug|x64
		{9271A44E-20AD-4BC5-3D8F-286BBBF26B49}.Debug|x64.Build.0 = Debug|x64
		{9271A44E-20AD-4BC5-3D8F-286BBBF26B49}.Debug|x86.ActiveCfg = Debug|Win32
		{9271A44E-20AD-4BC5-3D8F-286BBBF26B49}.Debug|x86.Build.0 = Debug|Win32
		{9271A44E-20AD-4BC5-3D8F-286BBBF26B49}.MinSizeRel|x64.ActiveCfg = Release|x64
		{9271A44E-20AD-4BC5-3D8F-286BBBF26B49}.MinSizeRel|x64.Build.0 = Release|x64
		{9271A44E-20AD-4BC5-3D8F-286BBBF26B49}.MinSizeRel|x86.ActiveCfg = Release|Win32
		{9271A44E-20AD-4BC5-3D8F-286BBBF26B49}.MinSizeRel|x86.Build.0 = Release|Win32
		{9271A44E-20AD-4BC5-3D8F-286BBBF26B49}.Release|x64.ActiveCfg = Release|x64
		{9271A44E-20AD-4BC5-3D8F-286BBBF26B49}.Release|x64.Build.0 = Release|x64
		{9271A44E-20AD-4BC5-3D8F-286BBBF26B49}.Release|x86.ActiveCfg = Release|Win32
		{9271A44E-20AD-4BC5-3D8F-286BBBF26B49}.Release|x86.Build.0 = Release|Win32
		{9271A44E-20AD-4BC5-3D8F-286BBBF26B49}.RelWithDebInfo|x64.ActiveCfg = Release|x64
		{9271A44E-20AD-4BC5-3D8F-286BBBF26B49}.RelWithDebInfo|x64.Build.0 = Release|x64
		{9271A44E-20AD-4BC5-3D8F-286BBBF26B49}.RelWithDebInfo|x86.ActiveCfg = Release|Win32
		{9271A44E-20AD-4BC5-3D8F-286BBBF26B49}.RelWithDebInfo|x86.Build.0 = Release|Win32
	EndGlobalSection
	GlobalSection(SolutionProperties) = preSolution
		HideSolutionNode = FALSE
	EndGlobalSection
EndGlobal
