<?xml version="1.0" encoding="utf-8"?>
<Project ToolsVersion="4.0" xmlns="http://schemas.microsoft.com/developer/msbuild/2003">
  <ItemGroup>
    <Filter Include="Source Files">
      <UniqueIdentifier>{4FC737F1-C7A5-4376-A066-2A32D752A2FF}</UniqueIdentifier>
      <Extensions>cpp;c;cc;cxx;def;odl;idl;hpj;bat;asm;asmx</Extensions>
    </Filter>
    <Filter Include="Header Files">
      <UniqueIdentifier>{93995380-89BD-4b04-88EB-625FBE52EBFB}</UniqueIdentifier>
      <Extensions>h;hh;hpp;hxx;hm;inl;inc;xsd</Extensions>
    </Filter>
    <Filter Include="Resource Files">
      <UniqueIdentifier>{67DA6AB6-F800-4c08-8B7A-83BB121AAD01}</UniqueIdentifier>
      <Extensions>rc;ico;cur;bmp;dlg;rc2;rct;bin;rgs;gif;jpg;jpeg;jpe;resx;tiff;tif;png;wav;mfcribbon-ms</Extensions>
    </Filter>
    <Filter Include="Header Files\nark">
      <UniqueIdentifier>{f0b50340-b699-433f-8615-91506e6f51da}</UniqueIdentifier>
    </Filter>
    <Filter Include="Header Files\nark\db">
      <UniqueIdentifier>{c3e366f4-e257-4477-b67b-5490e53f9e10}</UniqueIdentifier>
    </Filter>
    <Filter Include="Source Files\nark">
      <UniqueIdentifier>{13635243-d206-43bb-bd92-31b2cc702bda}</UniqueIdentifier>
    </Filter>
    <Filter Include="Source Files\nark\db">
      <UniqueIdentifier>{63670d04-8922-42d1-af12-dee2f8216179}</UniqueIdentifier>
    </Filter>
    <Filter Include="Header Files\mongo">
      <UniqueIdentifier>{c43704a9-131e-42b2-9d37-9b77d162b53d}</UniqueIdentifier>
    </Filter>
    <Filter Include="Header Files\mongo\bson">
      <UniqueIdentifier>{3248ef6e-d871-4a6a-a12d-4062fe323308}</UniqueIdentifier>
    </Filter>
    <Filter Include="Source Files\mongo">
      <UniqueIdentifier>{da43d5c9-0049-4f41-b8e2-9f69caf41d00}</UniqueIdentifier>
    </Filter>
    <Filter Include="Source Files\mongo\bson">
      <UniqueIdentifier>{a28d1e19-8107-466d-9c9f-1f5484d3ea10}</UniqueIdentifier>
    </Filter>
    <Filter Include="Header Files\mongo_narkdb">
      <UniqueIdentifier>{4c130436-f14a-45c7-809b-d1a1c7b4fa74}</UniqueIdentifier>
    </Filter>
    <Filter Include="Source Files\mongo_narkdb">
      <UniqueIdentifier>{afaaa108-d0aa-41ae-86b5-a5b1a95c396c}</UniqueIdentifier>
    </Filter>
  </ItemGroup>
  <ItemGroup>
    <Text Include="ReadMe.txt" />
  </ItemGroup>
  <ItemGroup>
    <ClInclude Include="stdafx.h">
      <Filter>Header Files</Filter>
    </ClInclude>
    <ClInclude Include="targetver.h">
      <Filter>Header Files</Filter>
    </ClInclude>
    <ClInclude Include="..\..\..\src\nark\db\data_index.hpp">
      <Filter>Header Files\nark\db</Filter>
    </ClInclude>
    <ClInclude Include="..\..\..\src\nark\db\data_store.hpp">
      <Filter>Header Files\nark\db</Filter>
    </ClInclude>
    <ClInclude Include="..\..\..\src\nark\db\db_conf.hpp">
      <Filter>Header Files\nark\db</Filter>
    </ClInclude>
    <ClInclude Include="..\..\..\src\nark\db\db_table.hpp">
      <Filter>Header Files\nark\db</Filter>
    </ClInclude>
    <ClInclude Include="..\..\..\src\nark\db\mock_db_engine.hpp">
      <Filter>Header Files\nark\db</Filter>
    </ClInclude>
    <ClInclude Include="..\..\..\src\nark\db\record_data.hpp">
      <Filter>Header Files\nark\db</Filter>
    </ClInclude>
    <ClInclude Include="..\..\..\src\nark\db\seg_db.hpp">
      <Filter>Header Files\nark\db</Filter>
    </ClInclude>
    <ClInclude Include="..\..\..\src\nark\db\db_segment.hpp">
      <Filter>Header Files\nark\db</Filter>
    </ClInclude>
    <ClInclude Include="..\..\..\src\nark\db\seq_num_index.hpp">
      <Filter>Header Files\nark\db</Filter>
    </ClInclude>
    <ClInclude Include="..\..\..\src\nark\db\json.hpp">
      <Filter>Header Files\nark\db</Filter>
    </ClInclude>
    <ClInclude Include="..\..\..\src\nark\db\db_context.hpp">
      <Filter>Header Files\nark\db</Filter>
    </ClInclude>
    <ClInclude Include="..\..\..\..\mongo\src\mongo\bson\bson_field.h">
      <Filter>Header Files\mongo\bson</Filter>
    </ClInclude>
    <ClInclude Include="..\..\..\..\mongo\src\mongo\bson\bson_validate.h">
      <Filter>Header Files\mongo\bson</Filter>
    </ClInclude>
    <ClInclude Include="..\..\..\..\mongo\src\mongo\bson\bsonelement.h">
      <Filter>Header Files\mongo\bson</Filter>
    </ClInclude>
    <ClInclude Include="..\..\..\..\mongo\src\mongo\bson\bsonmisc.h">
      <Filter>Header Files\mongo\bson</Filter>
    </ClInclude>
    <ClInclude Include="..\..\..\..\mongo\src\mongo\bson\bsonobj.h">
      <Filter>Header Files\mongo\bson</Filter>
    </ClInclude>
    <ClInclude Include="..\..\..\..\mongo\src\mongo\bson\bsonobjbuilder.h">
      <Filter>Header Files\mongo\bson</Filter>
    </ClInclude>
    <ClInclude Include="..\..\..\..\mongo\src\mongo\bson\bsontypes.h">
      <Filter>Header Files\mongo\bson</Filter>
    </ClInclude>
    <ClInclude Include="..\..\..\..\mongo\src\mongo\bson\inline_decls.h">
      <Filter>Header Files\mongo\bson</Filter>
    </ClInclude>
    <ClInclude Include="..\..\..\..\mongo\src\mongo\bson\json.h">
      <Filter>Header Files\mongo\bson</Filter>
    </ClInclude>
    <ClInclude Include="..\..\..\..\mongo\src\mongo\bson\oid.h">
      <Filter>Header Files\mongo\bson</Filter>
    </ClInclude>
    <ClInclude Include="..\..\..\..\mongo\src\mongo\bson\ordering.h">
      <Filter>Header Files\mongo\bson</Filter>
    </ClInclude>
    <ClInclude Include="..\..\..\..\mongo\src\mongo\bson\timestamp.h">
      <Filter>Header Files\mongo\bson</Filter>
    </ClInclude>
    <ClInclude Include="..\..\..\src\mongo_narkdb\record_codec.h">
      <Filter>Header Files\mongo_narkdb</Filter>
    </ClInclude>
    <ClInclude Include="..\..\..\src\mongo_narkdb\mongo_narkdb_common.hpp">
      <Filter>Header Files\mongo_narkdb</Filter>
    </ClInclude>
    <ClInclude Include="..\..\..\src\mongo_narkdb\narkdb_customization_hooks.h">
      <Filter>Header Files\mongo_narkdb</Filter>
    </ClInclude>
    <ClInclude Include="..\..\..\src\mongo_narkdb\narkdb_global_options.h">
      <Filter>Header Files\mongo_narkdb</Filter>
    </ClInclude>
    <ClInclude Include="..\..\..\src\mongo_narkdb\narkdb_index.h">
      <Filter>Header Files\mongo_narkdb</Filter>
    </ClInclude>
    <ClInclude Include="..\..\..\src\mongo_narkdb\narkdb_kv_engine.h">
      <Filter>Header Files\mongo_narkdb</Filter>
    </ClInclude>
    <ClInclude Include="..\..\..\src\mongo_narkdb\narkdb_parameters.h">
      <Filter>Header Files\mongo_narkdb</Filter>
    </ClInclude>
    <ClInclude Include="..\..\..\src\mongo_narkdb\narkdb_record_store.h">
      <Filter>Header Files\mongo_narkdb</Filter>
    </ClInclude>
    <ClInclude Include="..\..\..\src\mongo_narkdb\narkdb_record_store_oplog_stones.h">
      <Filter>Header Files\mongo_narkdb</Filter>
    </ClInclude>
    <ClInclude Include="..\..\..\src\mongo_narkdb\narkdb_recovery_unit.h">
      <Filter>Header Files\mongo_narkdb</Filter>
    </ClInclude>
    <ClInclude Include="..\..\..\src\mongo_narkdb\narkdb_server_status.h">
      <Filter>Header Files\mongo_narkdb</Filter>
    </ClInclude>
    <ClInclude Include="..\..\..\src\mongo_narkdb\narkdb_size_storer.h">
      <Filter>Header Files\mongo_narkdb</Filter>
    </ClInclude>
    <ClInclude Include="..\..\..\src\mongo_narkdb\narkdb_snapshot_manager.h">
      <Filter>Header Files\mongo_narkdb</Filter>
    </ClInclude>
    <ClInclude Include="..\..\..\src\mongo_narkdb\narkdb_record_store_capped.h">
      <Filter>Header Files\mongo_narkdb</Filter>
    </ClInclude>
  </ItemGroup>
  <ItemGroup>
    <ClCompile Include="stdafx.cpp">
      <Filter>Source Files</Filter>
    </ClCompile>
    <ClCompile Include="dllmain.cpp">
      <Filter>Source Files</Filter>
    </ClCompile>
    <ClCompile Include="..\..\..\src\nark\db\data_index.cpp">
      <Filter>Source Files\nark\db</Filter>
    </ClCompile>
    <ClCompile Include="..\..\..\src\nark\db\data_store.cpp">
      <Filter>Source Files\nark\db</Filter>
    </ClCompile>
    <ClCompile Include="..\..\..\src\nark\db\db_conf.cpp">
      <Filter>Source Files\nark\db</Filter>
    </ClCompile>
    <ClCompile Include="..\..\..\src\nark\db\db_table.cpp">
      <Filter>Source Files\nark\db</Filter>
    </ClCompile>
    <ClCompile Include="..\..\..\src\nark\db\mock_db_engine.cpp">
      <Filter>Source Files\nark\db</Filter>
    </ClCompile>
    <ClCompile Include="..\..\..\src\nark\db\db_segment.cpp">
      <Filter>Source Files\nark\db</Filter>
    </ClCompile>
    <ClCompile Include="..\..\..\src\nark\db\seq_num_index.cpp">
      <Filter>Source Files\nark\db</Filter>
    </ClCompile>
    <ClCompile Include="..\..\..\src\nark\db\db_context.cpp">
      <Filter>Source Files\nark\db</Filter>
    </ClCompile>
    <ClCompile Include="..\..\..\..\mongo\src\mongo\bson\bson_validate.cpp">
      <Filter>Source Files\mongo\bson</Filter>
    </ClCompile>
    <ClCompile Include="..\..\..\..\mongo\src\mongo\bson\bsonelement.cpp">
      <Filter>Source Files\mongo\bson</Filter>
    </ClCompile>
    <ClCompile Include="..\..\..\..\mongo\src\mongo\bson\bsonmisc.cpp">
      <Filter>Source Files\mongo\bson</Filter>
    </ClCompile>
    <ClCompile Include="..\..\..\..\mongo\src\mongo\bson\bsonobj.cpp">
      <Filter>Source Files\mongo\bson</Filter>
    </ClCompile>
    <ClCompile Include="..\..\..\..\mongo\src\mongo\bson\bsonobjbuilder.cpp">
      <Filter>Source Files\mongo\bson</Filter>
    </ClCompile>
    <ClCompile Include="..\..\..\..\mongo\src\mongo\bson\bsontypes.cpp">
      <Filter>Source Files\mongo\bson</Filter>
    </ClCompile>
    <ClCompile Include="..\..\..\..\mongo\src\mongo\bson\json.cpp">
      <Filter>Source Files\mongo\bson</Filter>
    </ClCompile>
    <ClCompile Include="..\..\..\..\mongo\src\mongo\bson\oid.cpp">
      <Filter>Source Files\mongo\bson</Filter>
    </ClCompile>
    <ClCompile Include="..\..\..\..\mongo\src\mongo\bson\timestamp.cpp">
      <Filter>Source Files\mongo\bson</Filter>
    </ClCompile>
    <ClCompile Include="..\..\..\src\mongo_narkdb\record_codec.cpp">
      <Filter>Source Files\mongo_narkdb</Filter>
    </ClCompile>
    <ClCompile Include="..\..\..\src\mongo_narkdb\narkdb_record_store.cpp">
      <Filter>Source Files\mongo_narkdb</Filter>
    </ClCompile>
    <ClCompile Include="..\..\..\src\mongo_narkdb\narkdb_customization_hooks.cpp">
      <Filter>Source Files\mongo_narkdb</Filter>
    </ClCompile>
    <ClCompile Include="..\..\..\src\mongo_narkdb\narkdb_global_options.cpp">
      <Filter>Source Files\mongo_narkdb</Filter>
    </ClCompile>
    <ClCompile Include="..\..\..\src\mongo_narkdb\narkdb_kv_engine.cpp">
      <Filter>Source Files\mongo_narkdb</Filter>
    </ClCompile>
    <ClCompile Include="..\..\..\src\mongo_narkdb\narkdb_size_storer.cpp">
      <Filter>Source Files\mongo_narkdb</Filter>
    </ClCompile>
    <ClCompile Include="..\..\..\src\mongo_narkdb\narkdb_index.cpp">
      <Filter>Source Files\mongo_narkdb</Filter>
    </ClCompile>
    <ClCompile Include="..\..\..\src\mongo_narkdb\narkdb_record_store_capped.cpp">
      <Filter>Source Files\mongo_narkdb</Filter>
    </ClCompile>
    <ClCompile Include="..\..\..\src\mongo_narkdb\narkdb_init.cpp">
      <Filter>Source Files\mongo_narkdb</Filter>
    </ClCompile>
  </ItemGroup>
</Project>